
Microsoft Visual Studio Solution File, Format Version 12.00
# Visual Studio Version 17
VisualStudioVersion = 17.12.35424.110 d17.12
MinimumVisualStudioVersion = 10.0.40219.1
Project("{FAE04EC0-301F-11D3-BF4B-00C04F79EFBC}") = "HealthcareManagementSystem.Server", "HealthcareManagementSystem.Server\HealthcareManagementSystem.Server.csproj", "{47D9337D-7E5E-40E8-8E24-09B6F42FDE66}"
EndProject
Project("{54A90642-561A-4BB1-A94E-469ADEE60C69}") = "healthcaremanagementsystem.client", "healthcaremanagementsystem.client\healthcaremanagementsystem.client.esproj", "{F5F4FE06-D6C1-45AD-ABF0-F2AFCC2DDCFE}"
EndProject
Global
	GlobalSection(SolutionConfigurationPlatforms) = preSolution
		Debug|Any CPU = Debug|Any CPU
		Release|Any CPU = Release|Any CPU
	EndGlobalSection
	GlobalSection(ProjectConfigurationPlatforms) = postSolution
		{47D9337D-7E5E-40E8-8E24-09B6F42FDE66}.Debug|Any CPU.ActiveCfg = Debug|Any CPU
		{47D9337D-7E5E-40E8-8E24-09B6F42FDE66}.Debug|Any CPU.Build.0 = Debug|Any CPU
		{47D9337D-7E5E-40E8-8E24-09B6F42FDE66}.Release|Any CPU.ActiveCfg = Release|Any CPU
		{47D9337D-7E5E-40E8-8E24-09B6F42FDE66}.Release|Any CPU.Build.0 = Release|Any CPU
		{F5F4FE06-D6C1-45AD-ABF0-F2AFCC2DDCFE}.Debug|Any CPU.ActiveCfg = Debug|Any CPU
		{F5F4FE06-D6C1-45AD-ABF0-F2AFCC2DDCFE}.Debug|Any CPU.Build.0 = Debug|Any CPU
		{F5F4FE06-D6C1-45AD-ABF0-F2AFCC2DDCFE}.Debug|Any CPU.Deploy.0 = Debug|Any CPU
		{F5F4FE06-D6C1-45AD-ABF0-F2AFCC2DDCFE}.Release|Any CPU.ActiveCfg = Release|Any CPU
		{F5F4FE06-D6C1-45AD-ABF0-F2AFCC2DDCFE}.Release|Any CPU.Build.0 = Release|Any CPU
		{F5F4FE06-D6C1-45AD-ABF0-F2AFCC2DDCFE}.Release|Any CPU.Deploy.0 = Release|Any CPU
	EndGlobalSection
	GlobalSection(SolutionProperties) = preSolution
		HideSolutionNode = FALSE
	EndGlobalSection
EndGlobal
